
Microsoft Visual Studio Solution File, Format Version 12.00
# Visual Studio Version 17
VisualStudioVersion = 17.4.33205.214
MinimumVisualStudioVersion = 10.0.40219.1
Project("{FAE04EC0-301F-11D3-BF4B-00C04F79EFBC}") = "ChatApp", "ChatApp\ChatApp.csproj", "{70C80BB4-BB53-4AA4-B69D-09B9FB13F429}"
EndProject
Global
	GlobalSection(SolutionConfigurationPlatforms) = preSolution
		Debug|Any CPU = Debug|Any CPU
		Release|Any CPU = Release|Any CPU
	EndGlobalSection
	GlobalSection(ProjectConfigurationPlatforms) = postSolution
		{70C80BB4-BB53-4AA4-B69D-09B9FB13F429}.Debug|Any CPU.ActiveCfg = Debug|Any CPU
		{70C80BB4-BB53-4AA4-B69D-09B9FB13F429}.Debug|Any CPU.Build.0 = Debug|Any CPU
		{70C80BB4-BB53-4AA4-B69D-09B9FB13F429}.Release|Any CPU.ActiveCfg = Release|Any CPU
		{70C80BB4-BB53-4AA4-B69D-09B9FB13F429}.Release|Any CPU.Build.0 = Release|Any CPU
	EndGlobalSection
	GlobalSection(SolutionProperties) = preSolution
		HideSolutionNode = FALSE
	EndGlobalSection
	GlobalSection(ExtensibilityGlobals) = postSolution
		SolutionGuid = {F6C4E244-E9C6-4C58-8981-FEA34217928C}
	EndGlobalSection
EndGlobal
