
Microsoft Visual Studio Solution File, Format Version 12.00
# Visual Studio Version 17
VisualStudioVersion = 17.4.33205.214
MinimumVisualStudioVersion = 10.0.40219.1
Project("{FAE04EC0-301F-11D3-BF4B-00C04F79EFBC}") = "ShoppingListApp", "ShoppingListApp\ShoppingListApp.csproj", "{E09C7FF1-04EC-421E-AD40-CFF465F9D209}"
EndProject
Global
	GlobalSection(SolutionConfigurationPlatforms) = preSolution
		Debug|Any CPU = Debug|Any CPU
		Release|Any CPU = Release|Any CPU
	EndGlobalSection
	GlobalSection(ProjectConfigurationPlatforms) = postSolution
		{E09C7FF1-04EC-421E-AD40-CFF465F9D209}.Debug|Any CPU.ActiveCfg = Debug|Any CPU
		{E09C7FF1-04EC-421E-AD40-CFF465F9D209}.Debug|Any CPU.Build.0 = Debug|Any CPU
		{E09C7FF1-04EC-421E-AD40-CFF465F9D209}.Release|Any CPU.ActiveCfg = Release|Any CPU
		{E09C7FF1-04EC-421E-AD40-CFF465F9D209}.Release|Any CPU.Build.0 = Release|Any CPU
	EndGlobalSection
	GlobalSection(SolutionProperties) = preSolution
		HideSolutionNode = FALSE
	EndGlobalSection
	GlobalSection(ExtensibilityGlobals) = postSolution
		SolutionGuid = {D060E4C5-9605-49D7-BAD5-6B2DC91F8524}
	EndGlobalSection
EndGlobal
